// !$*UTF8*$!
{
	archiveVersion = 1;
	classes = {
	};
	objectVersion = 50;
	objects = {

/* Begin PBXBuildFile section */
		C6BDB69D24AF6BC5007F96FC /* AppDelegate.swift in Sources */ = {isa = PBXBuildFile; fileRef = C6BDB69C24AF6BC5007F96FC /* AppDelegate.swift */; };
		C6BDB69F24AF6BC5007F96FC /* SceneDelegate.swift in Sources */ = {isa = PBXBuildFile; fileRef = C6BDB69E24AF6BC5007F96FC /* SceneDelegate.swift */; };
		C6BDB6A124AF6BC5007F96FC /* InsertCustomerViewController.swift in Sources */ = {isa = PBXBuildFile; fileRef = C6BDB6A024AF6BC5007F96FC /* InsertCustomerViewController.swift */; };
		C6BDB6A624AF6BC8007F96FC /* Assets.xcassets in Resources */ = {isa = PBXBuildFile; fileRef = C6BDB6A524AF6BC8007F96FC /* Assets.xcassets */; };
		C6BDB6A924AF6BC8007F96FC /* LaunchScreen.storyboard in Resources */ = {isa = PBXBuildFile; fileRef = C6BDB6A724AF6BC8007F96FC /* LaunchScreen.storyboard */; };
		C6BDB6B124AF702A007F96FC /* UIView+Constraints.swift in Sources */ = {isa = PBXBuildFile; fileRef = C6BDB6B024AF702A007F96FC /* UIView+Constraints.swift */; };
		C6BDB6B524AFD01E007F96FC /* ProjectCustomerBase.xcdatamodeld in Sources */ = {isa = PBXBuildFile; fileRef = C6BDB6B324AFD01E007F96FC /* ProjectCustomerBase.xcdatamodeld */; };
		C6BDB6B724AFDA03007F96FC /* ListCustomerTableViewController.swift in Sources */ = {isa = PBXBuildFile; fileRef = C6BDB6B624AFDA03007F96FC /* ListCustomerTableViewController.swift */; };
		C6BDB6B924AFDEDF007F96FC /* ListCustomerCell.swift in Sources */ = {isa = PBXBuildFile; fileRef = C6BDB6B824AFDEDF007F96FC /* ListCustomerCell.swift */; };
		C6BDB6BB24B0B2E4007F96FC /* MenuViewController.swift in Sources */ = {isa = PBXBuildFile; fileRef = C6BDB6BA24B0B2E4007F96FC /* MenuViewController.swift */; };
		C6BDB6BD24B0F770007F96FC /* PopDateViewController.swift in Sources */ = {isa = PBXBuildFile; fileRef = C6BDB6BC24B0F770007F96FC /* PopDateViewController.swift */; };
		C6BDB6BF24B13F85007F96FC /* PopDatePicker.swift in Sources */ = {isa = PBXBuildFile; fileRef = C6BDB6BE24B13F84007F96FC /* PopDatePicker.swift */; };
		C6BDB6C124B14F35007F96FC /* Date.swift in Sources */ = {isa = PBXBuildFile; fileRef = C6BDB6C024B14F35007F96FC /* Date.swift */; };
/* End PBXBuildFile section */

/* Begin PBXFileReference section */
		C6BDB69924AF6BC5007F96FC /* ProjectCustomerBase.app */ = {isa = PBXFileReference; explicitFileType = wrapper.application; includeInIndex = 0; path = ProjectCustomerBase.app; sourceTree = BUILT_PRODUCTS_DIR; };
		C6BDB69C24AF6BC5007F96FC /* AppDelegate.swift */ = {isa = PBXFileReference; lastKnownFileType = sourcecode.swift; path = AppDelegate.swift; sourceTree = "<group>"; };
		C6BDB69E24AF6BC5007F96FC /* SceneDelegate.swift */ = {isa = PBXFileReference; lastKnownFileType = sourcecode.swift; path = SceneDelegate.swift; sourceTree = "<group>"; };
		C6BDB6A024AF6BC5007F96FC /* InsertCustomerViewController.swift */ = {isa = PBXFileReference; lastKnownFileType = sourcecode.swift; path = InsertCustomerViewController.swift; sourceTree = "<group>"; };
		C6BDB6A524AF6BC8007F96FC /* Assets.xcassets */ = {isa = PBXFileReference; lastKnownFileType = folder.assetcatalog; path = Assets.xcassets; sourceTree = "<group>"; };
		C6BDB6A824AF6BC8007F96FC /* Base */ = {isa = PBXFileReference; lastKnownFileType = file.storyboard; name = Base; path = Base.lproj/LaunchScreen.storyboard; sourceTree = "<group>"; };
		C6BDB6AA24AF6BC8007F96FC /* Info.plist */ = {isa = PBXFileReference; lastKnownFileType = text.plist.xml; path = Info.plist; sourceTree = "<group>"; };
		C6BDB6B024AF702A007F96FC /* UIView+Constraints.swift */ = {isa = PBXFileReference; lastKnownFileType = sourcecode.swift; path = "UIView+Constraints.swift"; sourceTree = "<group>"; };
		C6BDB6B424AFD01E007F96FC /* ProjectCustomerBase.xcdatamodel */ = {isa = PBXFileReference; lastKnownFileType = wrapper.xcdatamodel; path = ProjectCustomerBase.xcdatamodel; sourceTree = "<group>"; };
		C6BDB6B624AFDA03007F96FC /* ListCustomerTableViewController.swift */ = {isa = PBXFileReference; lastKnownFileType = sourcecode.swift; path = ListCustomerTableViewController.swift; sourceTree = "<group>"; };
		C6BDB6B824AFDEDF007F96FC /* ListCustomerCell.swift */ = {isa = PBXFileReference; lastKnownFileType = sourcecode.swift; path = ListCustomerCell.swift; sourceTree = "<group>"; };
		C6BDB6BA24B0B2E4007F96FC /* MenuViewController.swift */ = {isa = PBXFileReference; lastKnownFileType = sourcecode.swift; path = MenuViewController.swift; sourceTree = "<group>"; };
		C6BDB6BC24B0F770007F96FC /* PopDateViewController.swift */ = {isa = PBXFileReference; lastKnownFileType = sourcecode.swift; path = PopDateViewController.swift; sourceTree = "<group>"; };
		C6BDB6BE24B13F84007F96FC /* PopDatePicker.swift */ = {isa = PBXFileReference; lastKnownFileType = sourcecode.swift; path = PopDatePicker.swift; sourceTree = "<group>"; };
		C6BDB6C024B14F35007F96FC /* Date.swift */ = {isa = PBXFileReference; lastKnownFileType = sourcecode.swift; path = Date.swift; sourceTree = "<group>"; };
/* End PBXFileReference section */

/* Begin PBXFrameworksBuildPhase section */
		C6BDB69624AF6BC5007F96FC /* Frameworks */ = {
			isa = PBXFrameworksBuildPhase;
			buildActionMask = 2147483647;
			files = (
			);
			runOnlyForDeploymentPostprocessing = 0;
		};
/* End PBXFrameworksBuildPhase section */

/* Begin PBXGroup section */
		C6BDB69024AF6BC5007F96FC = {
			isa = PBXGroup;
			children = (
				C6BDB69B24AF6BC5007F96FC /* ProjectCustomerBase */,
				C6BDB69A24AF6BC5007F96FC /* Products */,
			);
			sourceTree = "<group>";
		};
		C6BDB69A24AF6BC5007F96FC /* Products */ = {
			isa = PBXGroup;
			children = (
				C6BDB69924AF6BC5007F96FC /* ProjectCustomerBase.app */,
			);
			name = Products;
			sourceTree = "<group>";
		};
		C6BDB69B24AF6BC5007F96FC /* ProjectCustomerBase */ = {
			isa = PBXGroup;
			children = (
				C6BDB6B224AF715E007F96FC /* Extensions */,
				C6BDB69C24AF6BC5007F96FC /* AppDelegate.swift */,
				C6BDB69E24AF6BC5007F96FC /* SceneDelegate.swift */,
				C6BDB6A024AF6BC5007F96FC /* InsertCustomerViewController.swift */,
				C6BDB6A524AF6BC8007F96FC /* Assets.xcassets */,
				C6BDB6A724AF6BC8007F96FC /* LaunchScreen.storyboard */,
				C6BDB6AA24AF6BC8007F96FC /* Info.plist */,
				C6BDB6B324AFD01E007F96FC /* ProjectCustomerBase.xcdatamodeld */,
				C6BDB6B624AFDA03007F96FC /* ListCustomerTableViewController.swift */,
				C6BDB6B824AFDEDF007F96FC /* ListCustomerCell.swift */,
				C6BDB6BA24B0B2E4007F96FC /* MenuViewController.swift */,
				C6BDB6BC24B0F770007F96FC /* PopDateViewController.swift */,
				C6BDB6BE24B13F84007F96FC /* PopDatePicker.swift */,
			);
			path = ProjectCustomerBase;
			sourceTree = "<group>";
		};
		C6BDB6B224AF715E007F96FC /* Extensions */ = {
			isa = PBXGroup;
			children = (
				C6BDB6B024AF702A007F96FC /* UIView+Constraints.swift */,
				C6BDB6C024B14F35007F96FC /* Date.swift */,
			);
			path = Extensions;
			sourceTree = "<group>";
		};
/* End PBXGroup section */

/* Begin PBXNativeTarget section */
		C6BDB69824AF6BC5007F96FC /* ProjectCustomerBase */ = {
			isa = PBXNativeTarget;
			buildConfigurationList = C6BDB6AD24AF6BC8007F96FC /* Build configuration list for PBXNativeTarget "ProjectCustomerBase" */;
			buildPhases = (
				C6BDB69524AF6BC5007F96FC /* Sources */,
				C6BDB69624AF6BC5007F96FC /* Frameworks */,
				C6BDB69724AF6BC5007F96FC /* Resources */,
			);
			buildRules = (
			);
			dependencies = (
			);
			name = ProjectCustomerBase;
			productName = ProjectCustomerBase;
			productReference = C6BDB69924AF6BC5007F96FC /* ProjectCustomerBase.app */;
			productType = "com.apple.product-type.application";
		};
/* End PBXNativeTarget section */

/* Begin PBXProject section */
		C6BDB69124AF6BC5007F96FC /* Project object */ = {
			isa = PBXProject;
			attributes = {
				LastSwiftUpdateCheck = 1110;
				LastUpgradeCheck = 1110;
				ORGANIZATIONNAME = "Rafaela Galdino";
				TargetAttributes = {
					C6BDB69824AF6BC5007F96FC = {
						CreatedOnToolsVersion = 11.1;
					};
				};
			};
			buildConfigurationList = C6BDB69424AF6BC5007F96FC /* Build configuration list for PBXProject "ProjectCustomerBase" */;
			compatibilityVersion = "Xcode 9.3";
			developmentRegion = en;
			hasScannedForEncodings = 0;
			knownRegions = (
				en,
				Base,
			);
			mainGroup = C6BDB69024AF6BC5007F96FC;
			productRefGroup = C6BDB69A24AF6BC5007F96FC /* Products */;
			projectDirPath = "";
			projectRoot = "";
			targets = (
				C6BDB69824AF6BC5007F96FC /* ProjectCustomerBase */,
			);
		};
/* End PBXProject section */

/* Begin PBXResourcesBuildPhase section */
		C6BDB69724AF6BC5007F96FC /* Resources */ = {
			isa = PBXResourcesBuildPhase;
			buildActionMask = 2147483647;
			files = (
				C6BDB6A924AF6BC8007F96FC /* LaunchScreen.storyboard in Resources */,
				C6BDB6A624AF6BC8007F96FC /* Assets.xcassets in Resources */,
			);
			runOnlyForDeploymentPostprocessing = 0;
		};
/* End PBXResourcesBuildPhase section */

/* Begin PBXSourcesBuildPhase section */
		C6BDB69524AF6BC5007F96FC /* Sources */ = {
			isa = PBXSourcesBuildPhase;
			buildActionMask = 2147483647;
			files = (
				C6BDB6BD24B0F770007F96FC /* PopDateViewController.swift in Sources */,
				C6BDB6B924AFDEDF007F96FC /* ListCustomerCell.swift in Sources */,
				C6BDB6B524AFD01E007F96FC /* ProjectCustomerBase.xcdatamodeld in Sources */,
				C6BDB6A124AF6BC5007F96FC /* InsertCustomerViewController.swift in Sources */,
				C6BDB69D24AF6BC5007F96FC /* AppDelegate.swift in Sources */,
				C6BDB6BF24B13F85007F96FC /* PopDatePicker.swift in Sources */,
				C6BDB6B724AFDA03007F96FC /* ListCustomerTableViewController.swift in Sources */,
				C6BDB69F24AF6BC5007F96FC /* SceneDelegate.swift in Sources */,
				C6BDB6C124B14F35007F96FC /* Date.swift in Sources */,
				C6BDB6B124AF702A007F96FC /* UIView+Constraints.swift in Sources */,
				C6BDB6BB24B0B2E4007F96FC /* MenuViewController.swift in Sources */,
			);
			runOnlyForDeploymentPostprocessing = 0;
		};
/* End PBXSourcesBuildPhase section */

/* Begin PBXVariantGroup section */
		C6BDB6A724AF6BC8007F96FC /* LaunchScreen.storyboard */ = {
			isa = PBXVariantGroup;
			children = (
				C6BDB6A824AF6BC8007F96FC /* Base */,
			);
			name = LaunchScreen.storyboard;
			sourceTree = "<group>";
		};
/* End PBXVariantGroup section */

/* Begin XCBuildConfiguration section */
		C6BDB6AB24AF6BC8007F96FC /* Debug */ = {
			isa = XCBuildConfiguration;
			buildSettings = {
				ALWAYS_SEARCH_USER_PATHS = NO;
				CLANG_ANALYZER_NONNULL = YES;
				CLANG_ANALYZER_NUMBER_OBJECT_CONVERSION = YES_AGGRESSIVE;
				CLANG_CXX_LANGUAGE_STANDARD = "gnu++14";
				CLANG_CXX_LIBRARY = "libc++";
				CLANG_ENABLE_MODULES = YES;
				CLANG_ENABLE_OBJC_ARC = YES;
				CLANG_ENABLE_OBJC_WEAK = YES;
				CLANG_WARN_BLOCK_CAPTURE_AUTORELEASING = YES;
				CLANG_WARN_BOOL_CONVERSION = YES;
				CLANG_WARN_COMMA = YES;
				CLANG_WARN_CONSTANT_CONVERSION = YES;
				CLANG_WARN_DEPRECATED_OBJC_IMPLEMENTATIONS = YES;
				CLANG_WARN_DIRECT_OBJC_ISA_USAGE = YES_ERROR;
				CLANG_WARN_DOCUMENTATION_COMMENTS = YES;
				CLANG_WARN_EMPTY_BODY = YES;
				CLANG_WARN_ENUM_CONVERSION = YES;
				CLANG_WARN_INFINITE_RECURSION = YES;
				CLANG_WARN_INT_CONVERSION = YES;
				CLANG_WARN_NON_LITERAL_NULL_CONVERSION = YES;
				CLANG_WARN_OBJC_IMPLICIT_RETAIN_SELF = YES;
				CLANG_WARN_OBJC_LITERAL_CONVERSION = YES;
				CLANG_WARN_OBJC_ROOT_CLASS = YES_ERROR;
				CLANG_WARN_RANGE_LOOP_ANALYSIS = YES;
				CLANG_WARN_STRICT_PROTOTYPES = YES;
				CLANG_WARN_SUSPICIOUS_MOVE = YES;
				CLANG_WARN_UNGUARDED_AVAILABILITY = YES_AGGRESSIVE;
				CLANG_WARN_UNREACHABLE_CODE = YES;
				CLANG_WARN__DUPLICATE_METHOD_MATCH = YES;
				COPY_PHASE_STRIP = NO;
				DEBUG_INFORMATION_FORMAT = dwarf;
				ENABLE_STRICT_OBJC_MSGSEND = YES;
				ENABLE_TESTABILITY = YES;
				GCC_C_LANGUAGE_STANDARD = gnu11;
				GCC_DYNAMIC_NO_PIC = NO;
				GCC_NO_COMMON_BLOCKS = YES;
				GCC_OPTIMIZATION_LEVEL = 0;
				GCC_PREPROCESSOR_DEFINITIONS = (
					"DEBUG=1",
					"$(inherited)",
				);
				GCC_WARN_64_TO_32_BIT_CONVERSION = YES;
				GCC_WARN_ABOUT_RETURN_TYPE = YES_ERROR;
				GCC_WARN_UNDECLARED_SELECTOR = YES;
				GCC_WARN_UNINITIALIZED_AUTOS = YES_AGGRESSIVE;
				GCC_WARN_UNUSED_FUNCTION = YES;
				GCC_WARN_UNUSED_VARIABLE = YES;
				IPHONEOS_DEPLOYMENT_TARGET = 13.1;
				MTL_ENABLE_DEBUG_INFO = INCLUDE_SOURCE;
				MTL_FAST_MATH = YES;
				ONLY_ACTIVE_ARCH = YES;
				SDKROOT = iphoneos;
				SWIFT_ACTIVE_COMPILATION_CONDITIONS = DEBUG;
				SWIFT_OPTIMIZATION_LEVEL = "-Onone";
			};
			name = Debug;
		};
		C6BDB6AC24AF6BC8007F96FC /* Release */ = {
			isa = XCBuildConfiguration;
			buildSettings = {
				ALWAYS_SEARCH_USER_PATHS = NO;
				CLANG_ANALYZER_NONNULL = YES;
				CLANG_ANALYZER_NUMBER_OBJECT_CONVERSION = YES_AGGRESSIVE;
				CLANG_CXX_LANGUAGE_STANDARD = "gnu++14";
				CLANG_CXX_LIBRARY = "libc++";
				CLANG_ENABLE_MODULES = YES;
				CLANG_ENABLE_OBJC_ARC = YES;
				CLANG_ENABLE_OBJC_WEAK = YES;
				CLANG_WARN_BLOCK_CAPTURE_AUTORELEASING = YES;
				CLANG_WARN_BOOL_CONVERSION = YES;
				CLANG_WARN_COMMA = YES;
				CLANG_WARN_CONSTANT_CONVERSION = YES;
				CLANG_WARN_DEPRECATED_OBJC_IMPLEMENTATIONS = YES;
				CLANG_WARN_DIRECT_OBJC_ISA_USAGE = YES_ERROR;
				CLANG_WARN_DOCUMENTATION_COMMENTS = YES;
				CLANG_WARN_EMPTY_BODY = YES;
				CLANG_WARN_ENUM_CONVERSION = YES;
				CLANG_WARN_INFINITE_RECURSION = YES;
				CLANG_WARN_INT_CONVERSION = YES;
				CLANG_WARN_NON_LITERAL_NULL_CONVERSION = YES;
				CLANG_WARN_OBJC_IMPLICIT_RETAIN_SELF = YES;
				CLANG_WARN_OBJC_LITERAL_CONVERSION = YES;
				CLANG_WARN_OBJC_ROOT_CLASS = YES_ERROR;
				CLANG_WARN_RANGE_LOOP_ANALYSIS = YES;
				CLANG_WARN_STRICT_PROTOTYPES = YES;
				CLANG_WARN_SUSPICIOUS_MOVE = YES;
				CLANG_WARN_UNGUARDED_AVAILABILITY = YES_AGGRESSIVE;
				CLANG_WARN_UNREACHABLE_CODE = YES;
				CLANG_WARN__DUPLICATE_METHOD_MATCH = YES;
				COPY_PHASE_STRIP = NO;
				DEBUG_INFORMATION_FORMAT = "dwarf-with-dsym";
				ENABLE_NS_ASSERTIONS = NO;
				ENABLE_STRICT_OBJC_MSGSEND = YES;
				GCC_C_LANGUAGE_STANDARD = gnu11;
				GCC_NO_COMMON_BLOCKS = YES;
				GCC_WARN_64_TO_32_BIT_CONVERSION = YES;
				GCC_WARN_ABOUT_RETURN_TYPE = YES_ERROR;
				GCC_WARN_UNDECLARED_SELECTOR = YES;
				GCC_WARN_UNINITIALIZED_AUTOS = YES_AGGRESSIVE;
				GCC_WARN_UNUSED_FUNCTION = YES;
				GCC_WARN_UNUSED_VARIABLE = YES;
				IPHONEOS_DEPLOYMENT_TARGET = 13.1;
				MTL_ENABLE_DEBUG_INFO = NO;
				MTL_FAST_MATH = YES;
				SDKROOT = iphoneos;
				SWIFT_COMPILATION_MODE = wholemodule;
				SWIFT_OPTIMIZATION_LEVEL = "-O";
				VALIDATE_PRODUCT = YES;
			};
			name = Release;
		};
		C6BDB6AE24AF6BC8007F96FC /* Debug */ = {
			isa = XCBuildConfiguration;
			buildSettings = {
				ASSETCATALOG_COMPILER_APPICON_NAME = AppIcon;
				CODE_SIGN_STYLE = Automatic;
				DEVELOPMENT_TEAM = 3LFZ9YG825;
				INFOPLIST_FILE = ProjectCustomerBase/Info.plist;
				LD_RUNPATH_SEARCH_PATHS = (
					"$(inherited)",
					"@executable_path/Frameworks",
				);
				PRODUCT_BUNDLE_IDENTIFIER = bradesco.TesteStoryboard.ProjectCustomerBase;
				PRODUCT_NAME = "$(TARGET_NAME)";
				SWIFT_VERSION = 5.0;
				TARGETED_DEVICE_FAMILY = "1,2";
			};
			name = Debug;
		};
		C6BDB6AF24AF6BC8007F96FC /* Release */ = {
			isa = XCBuildConfiguration;
			buildSettings = {
				ASSETCATALOG_COMPILER_APPICON_NAME = AppIcon;
				CODE_SIGN_STYLE = Automatic;
				DEVELOPMENT_TEAM = 3LFZ9YG825;
				INFOPLIST_FILE = ProjectCustomerBase/Info.plist;
				LD_RUNPATH_SEARCH_PATHS = (
					"$(inherited)",
					"@executable_path/Frameworks",
				);
				PRODUCT_BUNDLE_IDENTIFIER = bradesco.TesteStoryboard.ProjectCustomerBase;
				PRODUCT_NAME = "$(TARGET_NAME)";
				SWIFT_VERSION = 5.0;
				TARGETED_DEVICE_FAMILY = "1,2";
			};
			name = Release;
		};
/* End XCBuildConfiguration section */

/* Begin XCConfigurationList section */
		C6BDB69424AF6BC5007F96FC /* Build configuration list for PBXProject "ProjectCustomerBase" */ = {
			isa = XCConfigurationList;
			buildConfigurations = (
				C6BDB6AB24AF6BC8007F96FC /* Debug */,
				C6BDB6AC24AF6BC8007F96FC /* Release */,
			);
			defaultConfigurationIsVisible = 0;
			defaultConfigurationName = Release;
		};
		C6BDB6AD24AF6BC8007F96FC /* Build configuration list for PBXNativeTarget "ProjectCustomerBase" */ = {
			isa = XCConfigurationList;
			buildConfigurations = (
				C6BDB6AE24AF6BC8007F96FC /* Debug */,
				C6BDB6AF24AF6BC8007F96FC /* Release */,
			);
			defaultConfigurationIsVisible = 0;
			defaultConfigurationName = Release;
		};
/* End XCConfigurationList section */

/* Begin XCVersionGroup section */
		C6BDB6B324AFD01E007F96FC /* ProjectCustomerBase.xcdatamodeld */ = {
			isa = XCVersionGroup;
			children = (
				C6BDB6B424AFD01E007F96FC /* ProjectCustomerBase.xcdatamodel */,
			);
			currentVersion = C6BDB6B424AFD01E007F96FC /* ProjectCustomerBase.xcdatamodel */;
			path = ProjectCustomerBase.xcdatamodeld;
			sourceTree = "<group>";
			versionGroupType = wrapper.xcdatamodel;
		};
/* End XCVersionGroup section */
	};
	rootObject = C6BDB69124AF6BC5007F96FC /* Project object */;
}
